
Microsoft Visual Studio Solution File, Format Version 12.00
# Visual Studio Version 17
VisualStudioVersion = 17.3.32804.467
MinimumVisualStudioVersion = 10.0.40219.1
Project("{9A19103F-16F7-4668-BE54-9A1E7A4F7556}") = "Oocw.Backend", "Oocw.Backend\Oocw.Backend.csproj", "{04F81866-82FD-49EB-B7ED-53EE7490973F}"
EndProject
Project("{54A90642-561A-4BB1-A94E-469ADEE60C69}") = "Oocw.Frontend", "Oocw.Frontend\Oocw.Frontend.esproj", "{B0189B58-3C67-4678-87C0-0A4556C5C678}"
EndProject
Project("{9A19103F-16F7-4668-BE54-9A1E7A4F7556}") = "Oocw.Database", "Oocw.Database\Oocw.Database.csproj", "{4E8F5DDC-5DE9-4A62-9B77-3CDBFEDD89F1}"
EndProject
Project("{9A19103F-16F7-4668-BE54-9A1E7A4F7556}") = "Oocw.Base", "Oocw.Base\Oocw.Base.csproj", "{3976BECA-3FB4-45F6-B3BC-9AED76BFA47C}"
EndProject
Project("{FAE04EC0-301F-11D3-BF4B-00C04F79EFBC}") = "Oocw.Tests", "Oocw.Tests\Oocw.Tests.csproj", "{339DD56E-0012-4FA8-B3E5-D43D762A7423}"
EndProject
Global
	GlobalSection(SolutionConfigurationPlatforms) = preSolution
		Debug|Any CPU = Debug|Any CPU
		Debug|x64 = Debug|x64
		Debug|x86 = Debug|x86
		Release|Any CPU = Release|Any CPU
		Release|x64 = Release|x64
		Release|x86 = Release|x86
	EndGlobalSection
	GlobalSection(ProjectConfigurationPlatforms) = postSolution
		{04F81866-82FD-49EB-B7ED-53EE7490973F}.Debug|Any CPU.ActiveCfg = Debug|Any CPU
		{04F81866-82FD-49EB-B7ED-53EE7490973F}.Debug|Any CPU.Build.0 = Debug|Any CPU
		{04F81866-82FD-49EB-B7ED-53EE7490973F}.Debug|x64.ActiveCfg = Debug|Any CPU
		{04F81866-82FD-49EB-B7ED-53EE7490973F}.Debug|x64.Build.0 = Debug|Any CPU
		{04F81866-82FD-49EB-B7ED-53EE7490973F}.Debug|x86.ActiveCfg = Debug|Any CPU
		{04F81866-82FD-49EB-B7ED-53EE7490973F}.Debug|x86.Build.0 = Debug|Any CPU
		{04F81866-82FD-49EB-B7ED-53EE7490973F}.Release|Any CPU.ActiveCfg = Release|Any CPU
		{04F81866-82FD-49EB-B7ED-53EE7490973F}.Release|Any CPU.Build.0 = Release|Any CPU
		{04F81866-82FD-49EB-B7ED-53EE7490973F}.Release|x64.ActiveCfg = Release|Any CPU
		{04F81866-82FD-49EB-B7ED-53EE7490973F}.Release|x64.Build.0 = Release|Any CPU
		{04F81866-82FD-49EB-B7ED-53EE7490973F}.Release|x86.ActiveCfg = Release|Any CPU
		{04F81866-82FD-49EB-B7ED-53EE7490973F}.Release|x86.Build.0 = Release|Any CPU
		{B0189B58-3C67-4678-87C0-0A4556C5C678}.Debug|Any CPU.ActiveCfg = Debug|Any CPU
		{B0189B58-3C67-4678-87C0-0A4556C5C678}.Debug|Any CPU.Build.0 = Debug|Any CPU
		{B0189B58-3C67-4678-87C0-0A4556C5C678}.Debug|Any CPU.Deploy.0 = Debug|Any CPU
		{B0189B58-3C67-4678-87C0-0A4556C5C678}.Debug|x64.ActiveCfg = Debug|x64
		{B0189B58-3C67-4678-87C0-0A4556C5C678}.Debug|x86.ActiveCfg = Debug|x86
		{B0189B58-3C67-4678-87C0-0A4556C5C678}.Release|Any CPU.ActiveCfg = Release|Any CPU
		{B0189B58-3C67-4678-87C0-0A4556C5C678}.Release|Any CPU.Build.0 = Release|Any CPU
		{B0189B58-3C67-4678-87C0-0A4556C5C678}.Release|Any CPU.Deploy.0 = Release|Any CPU
		{B0189B58-3C67-4678-87C0-0A4556C5C678}.Release|x64.ActiveCfg = Release|x64
		{B0189B58-3C67-4678-87C0-0A4556C5C678}.Release|x86.ActiveCfg = Release|x86
		{4E8F5DDC-5DE9-4A62-9B77-3CDBFEDD89F1}.Debug|Any CPU.ActiveCfg = Debug|Any CPU
		{4E8F5DDC-5DE9-4A62-9B77-3CDBFEDD89F1}.Debug|Any CPU.Build.0 = Debug|Any CPU
		{4E8F5DDC-5DE9-4A62-9B77-3CDBFEDD89F1}.Debug|x64.ActiveCfg = Debug|Any CPU
		{4E8F5DDC-5DE9-4A62-9B77-3CDBFEDD89F1}.Debug|x64.Build.0 = Debug|Any CPU
		{4E8F5DDC-5DE9-4A62-9B77-3CDBFEDD89F1}.Debug|x86.ActiveCfg = Debug|Any CPU
		{4E8F5DDC-5DE9-4A62-9B77-3CDBFEDD89F1}.Debug|x86.Build.0 = Debug|Any CPU
		{4E8F5DDC-5DE9-4A62-9B77-3CDBFEDD89F1}.Release|Any CPU.ActiveCfg = Release|Any CPU
		{4E8F5DDC-5DE9-4A62-9B77-3CDBFEDD89F1}.Release|Any CPU.Build.0 = Release|Any CPU
		{4E8F5DDC-5DE9-4A62-9B77-3CDBFEDD89F1}.Release|x64.ActiveCfg = Release|Any CPU
		{4E8F5DDC-5DE9-4A62-9B77-3CDBFEDD89F1}.Release|x64.Build.0 = Release|Any CPU
		{4E8F5DDC-5DE9-4A62-9B77-3CDBFEDD89F1}.Release|x86.ActiveCfg = Release|Any CPU
		{4E8F5DDC-5DE9-4A62-9B77-3CDBFEDD89F1}.Release|x86.Build.0 = Release|Any CPU
		{3976BECA-3FB4-45F6-B3BC-9AED76BFA47C}.Debug|Any CPU.ActiveCfg = Debug|Any CPU
		{3976BECA-3FB4-45F6-B3BC-9AED76BFA47C}.Debug|Any CPU.Build.0 = Debug|Any CPU
		{3976BECA-3FB4-45F6-B3BC-9AED76BFA47C}.Debug|x64.ActiveCfg = Debug|Any CPU
		{3976BECA-3FB4-45F6-B3BC-9AED76BFA47C}.Debug|x64.Build.0 = Debug|Any CPU
		{3976BECA-3FB4-45F6-B3BC-9AED76BFA47C}.Debug|x86.ActiveCfg = Debug|Any CPU
		{3976BECA-3FB4-45F6-B3BC-9AED76BFA47C}.Debug|x86.Build.0 = Debug|Any CPU
		{3976BECA-3FB4-45F6-B3BC-9AED76BFA47C}.Release|Any CPU.ActiveCfg = Release|Any CPU
		{3976BECA-3FB4-45F6-B3BC-9AED76BFA47C}.Release|Any CPU.Build.0 = Release|Any CPU
		{3976BECA-3FB4-45F6-B3BC-9AED76BFA47C}.Release|x64.ActiveCfg = Release|Any CPU
		{3976BECA-3FB4-45F6-B3BC-9AED76BFA47C}.Release|x64.Build.0 = Release|Any CPU
		{3976BECA-3FB4-45F6-B3BC-9AED76BFA47C}.Release|x86.ActiveCfg = Release|Any CPU
		{3976BECA-3FB4-45F6-B3BC-9AED76BFA47C}.Release|x86.Build.0 = Release|Any CPU
		{339DD56E-0012-4FA8-B3E5-D43D762A7423}.Debug|Any CPU.ActiveCfg = Debug|Any CPU
		{339DD56E-0012-4FA8-B3E5-D43D762A7423}.Debug|Any CPU.Build.0 = Debug|Any CPU
		{339DD56E-0012-4FA8-B3E5-D43D762A7423}.Debug|x64.ActiveCfg = Debug|Any CPU
		{339DD56E-0012-4FA8-B3E5-D43D762A7423}.Debug|x64.Build.0 = Debug|Any CPU
		{339DD56E-0012-4FA8-B3E5-D43D762A7423}.Debug|x86.ActiveCfg = Debug|Any CPU
		{339DD56E-0012-4FA8-B3E5-D43D762A7423}.Debug|x86.Build.0 = Debug|Any CPU
		{339DD56E-0012-4FA8-B3E5-D43D762A7423}.Release|Any CPU.ActiveCfg = Release|Any CPU
		{339DD56E-0012-4FA8-B3E5-D43D762A7423}.Release|Any CPU.Build.0 = Release|Any CPU
		{339DD56E-0012-4FA8-B3E5-D43D762A7423}.Release|x64.ActiveCfg = Release|Any CPU
		{339DD56E-0012-4FA8-B3E5-D43D762A7423}.Release|x64.Build.0 = Release|Any CPU
		{339DD56E-0012-4FA8-B3E5-D43D762A7423}.Release|x86.ActiveCfg = Release|Any CPU
		{339DD56E-0012-4FA8-B3E5-D43D762A7423}.Release|x86.Build.0 = Release|Any CPU
	EndGlobalSection
	GlobalSection(SolutionProperties) = preSolution
		HideSolutionNode = FALSE
	EndGlobalSection
	GlobalSection(ExtensibilityGlobals) = postSolution
		SolutionGuid = {29F3AD11-95FE-4001-B9E3-305EF6E11B0D}
	EndGlobalSection
EndGlobal
